
Microsoft Visual Studio Solution File, Format Version 12.00
# Visual Studio 15
VisualStudioVersion = 15.0.27703.2000
MinimumVisualStudioVersion = 10.0.40219.1
Project("{FAE04EC0-301F-11D3-BF4B-00C04F79EFBC}") = "OnlineStoreToolsQA", "OnlineStoreToolsQA\OnlineStoreToolsQA.csproj", "{2159A22B-7E3C-4851-90FC-45B935B39F71}"
EndProject
Global
	GlobalSection(SolutionConfigurationPlatforms) = preSolution
		Debug|Any CPU = Debug|Any CPU
		Release|Any CPU = Release|Any CPU
	EndGlobalSection
	GlobalSection(ProjectConfigurationPlatforms) = postSolution
		{2159A22B-7E3C-4851-90FC-45B935B39F71}.Debug|Any CPU.ActiveCfg = Debug|Any CPU
		{2159A22B-7E3C-4851-90FC-45B935B39F71}.Debug|Any CPU.Build.0 = Debug|Any CPU
		{2159A22B-7E3C-4851-90FC-45B935B39F71}.Release|Any CPU.ActiveCfg = Release|Any CPU
		{2159A22B-7E3C-4851-90FC-45B935B39F71}.Release|Any CPU.Build.0 = Release|Any CPU
	EndGlobalSection
	GlobalSection(SolutionProperties) = preSolution
		HideSolutionNode = FALSE
	EndGlobalSection
	GlobalSection(ExtensibilityGlobals) = postSolution
		SolutionGuid = {3BF85178-E349-49A1-B5A0-5E7092C6A80C}
	EndGlobalSection
EndGlobal
